
Microsoft Visual Studio Solution File, Format Version 12.00
# Visual Studio 14
VisualStudioVersion = 14.0.24720.0
MinimumVisualStudioVersion = 10.0.40219.1
Project("{FAE04EC0-301F-11D3-BF4B-00C04F79EFBC}") = "CarRent", "CarRent\CarRent.csproj", "{A2D31F98-2C77-4C61-9808-1B9AFB1F13A5}"
EndProject
Project("{FAE04EC0-301F-11D3-BF4B-00C04F79EFBC}") = "CarRentInterface", "CarRentInterface\CarRentInterface.csproj", "{930D6848-B116-4F06-A99C-68EA6AC23631}"
EndProject
Global
	GlobalSection(SolutionConfigurationPlatforms) = preSolution
		Debug|Any CPU = Debug|Any CPU
		Release|Any CPU = Release|Any CPU
	EndGlobalSection
	GlobalSection(ProjectConfigurationPlatforms) = postSolution
		{A2D31F98-2C77-4C61-9808-1B9AFB1F13A5}.Debug|Any CPU.ActiveCfg = Debug|Any CPU
		{A2D31F98-2C77-4C61-9808-1B9AFB1F13A5}.Debug|Any CPU.Build.0 = Debug|Any CPU
		{A2D31F98-2C77-4C61-9808-1B9AFB1F13A5}.Release|Any CPU.ActiveCfg = Release|Any CPU
		{A2D31F98-2C77-4C61-9808-1B9AFB1F13A5}.Release|Any CPU.Build.0 = Release|Any CPU
		{930D6848-B116-4F06-A99C-68EA6AC23631}.Debug|Any CPU.ActiveCfg = Debug|Any CPU
		{930D6848-B116-4F06-A99C-68EA6AC23631}.Debug|Any CPU.Build.0 = Debug|Any CPU
		{930D6848-B116-4F06-A99C-68EA6AC23631}.Release|Any CPU.ActiveCfg = Release|Any CPU
		{930D6848-B116-4F06-A99C-68EA6AC23631}.Release|Any CPU.Build.0 = Release|Any CPU
	EndGlobalSection
	GlobalSection(SolutionProperties) = preSolution
		HideSolutionNode = FALSE
	EndGlobalSection
EndGlobal
